
Microsoft Visual Studio Solution File, Format Version 12.00
# Visual Studio Version 16
VisualStudioVersion = 16.0.30413.136
MinimumVisualStudioVersion = 10.0.40219.1
Project("{9A19103F-16F7-4668-BE54-9A1E7A4F7556}") = "BalitTanah.SoilSensingKit.Modelv3", "BalitTanah.SoilSensingKit.Modelv3\BalitTanah.SoilSensingKit.Modelv3.csproj", "{33166DCD-DC42-45A4-97D4-3051EBFD3C26}"
EndProject
Project("{FAE04EC0-301F-11D3-BF4B-00C04F79EFBC}") = "SSK.Api", "SSK.Api\SSK.Api.csproj", "{09E53E31-B09E-4D10-A3FF-B1F3A3B895FC}"
EndProject
Project("{FAE04EC0-301F-11D3-BF4B-00C04F79EFBC}") = "SSK.Core", "SSK.Core\SSK.Core.csproj", "{928DE02F-9389-4737-91A1-A840FB689976}"
EndProject
Project("{FAE04EC0-301F-11D3-BF4B-00C04F79EFBC}") = "TestingApi", "TestingApi\TestingApi.csproj", "{5D624092-5E0E-42C6-B071-B213D18F9E4C}"
EndProject
Global
	GlobalSection(SolutionConfigurationPlatforms) = preSolution
		Debug|Any CPU = Debug|Any CPU
		Release|Any CPU = Release|Any CPU
	EndGlobalSection
	GlobalSection(ProjectConfigurationPlatforms) = postSolution
		{33166DCD-DC42-45A4-97D4-3051EBFD3C26}.Debug|Any CPU.ActiveCfg = Debug|Any CPU
		{33166DCD-DC42-45A4-97D4-3051EBFD3C26}.Debug|Any CPU.Build.0 = Debug|Any CPU
		{33166DCD-DC42-45A4-97D4-3051EBFD3C26}.Release|Any CPU.ActiveCfg = Release|Any CPU
		{33166DCD-DC42-45A4-97D4-3051EBFD3C26}.Release|Any CPU.Build.0 = Release|Any CPU
		{09E53E31-B09E-4D10-A3FF-B1F3A3B895FC}.Debug|Any CPU.ActiveCfg = Debug|Any CPU
		{09E53E31-B09E-4D10-A3FF-B1F3A3B895FC}.Debug|Any CPU.Build.0 = Debug|Any CPU
		{09E53E31-B09E-4D10-A3FF-B1F3A3B895FC}.Release|Any CPU.ActiveCfg = Release|Any CPU
		{09E53E31-B09E-4D10-A3FF-B1F3A3B895FC}.Release|Any CPU.Build.0 = Release|Any CPU
		{928DE02F-9389-4737-91A1-A840FB689976}.Debug|Any CPU.ActiveCfg = Debug|Any CPU
		{928DE02F-9389-4737-91A1-A840FB689976}.Debug|Any CPU.Build.0 = Debug|Any CPU
		{928DE02F-9389-4737-91A1-A840FB689976}.Release|Any CPU.ActiveCfg = Release|Any CPU
		{928DE02F-9389-4737-91A1-A840FB689976}.Release|Any CPU.Build.0 = Release|Any CPU
		{5D624092-5E0E-42C6-B071-B213D18F9E4C}.Debug|Any CPU.ActiveCfg = Debug|Any CPU
		{5D624092-5E0E-42C6-B071-B213D18F9E4C}.Debug|Any CPU.Build.0 = Debug|Any CPU
		{5D624092-5E0E-42C6-B071-B213D18F9E4C}.Release|Any CPU.ActiveCfg = Release|Any CPU
		{5D624092-5E0E-42C6-B071-B213D18F9E4C}.Release|Any CPU.Build.0 = Release|Any CPU
	EndGlobalSection
	GlobalSection(SolutionProperties) = preSolution
		HideSolutionNode = FALSE
	EndGlobalSection
	GlobalSection(ExtensibilityGlobals) = postSolution
		SolutionGuid = {F0FA927C-623D-4CD9-B5F3-988F09E65321}
	EndGlobalSection
EndGlobal
